// !$*UTF8*$!
{
	archiveVersion = 1;
	classes = {
	};
	objectVersion = 48;
	objects = {

/* Begin PBXBuildFile section */
		33A5ACA008F47B050DA42823 /* Pods_TouristHelperTests.framework in Frameworks */ = {isa = PBXBuildFile; fileRef = 7F13289D9EB9FE37E8BF57AE /* Pods_TouristHelperTests.framework */; };
		C01AEA6291D0E738314DA1F5 /* Pods_TouristHelper.framework in Frameworks */ = {isa = PBXBuildFile; fileRef = 7F0F88C6AF1FC499947C4FBF /* Pods_TouristHelper.framework */; };
		DF74D16E2004FD240072F671 /* APIResponse.swift in Sources */ = {isa = PBXBuildFile; fileRef = DF74D16D2004FD240072F671 /* APIResponse.swift */; };
		DF74D1702004FE940072F671 /* Result.swift in Sources */ = {isa = PBXBuildFile; fileRef = DF74D16F2004FE940072F671 /* Result.swift */; };
		DF74D1722004FEE30072F671 /* Geometry.swift in Sources */ = {isa = PBXBuildFile; fileRef = DF74D1712004FEE30072F671 /* Geometry.swift */; };
		DF74D1742004FF2D0072F671 /* OpeningHour.swift in Sources */ = {isa = PBXBuildFile; fileRef = DF74D1732004FF2D0072F671 /* OpeningHour.swift */; };
		DF74D1762004FF6F0072F671 /* Photo.swift in Sources */ = {isa = PBXBuildFile; fileRef = DF74D1752004FF6F0072F671 /* Photo.swift */; };
		DF74D1782004FFC50072F671 /* Location.swift in Sources */ = {isa = PBXBuildFile; fileRef = DF74D1772004FFC50072F671 /* Location.swift */; };
		DF74D17A200500090072F671 /* Viewport.swift in Sources */ = {isa = PBXBuildFile; fileRef = DF74D179200500090072F671 /* Viewport.swift */; };
		DF74D17F20052CFA0072F671 /* MockLoader.swift in Sources */ = {isa = PBXBuildFile; fileRef = DF74D17E20052CFA0072F671 /* MockLoader.swift */; };
		DF74D1812005EDDA0072F671 /* ViewportSpec.swift in Sources */ = {isa = PBXBuildFile; fileRef = DF74D1802005EDDA0072F671 /* ViewportSpec.swift */; };
		DF74D1832005EDE60072F671 /* LocationSpec.swift in Sources */ = {isa = PBXBuildFile; fileRef = DF74D1822005EDE60072F671 /* LocationSpec.swift */; };
		DF74D1852005EDFC0072F671 /* APIResponseSpec.swift in Sources */ = {isa = PBXBuildFile; fileRef = DF74D1842005EDFC0072F671 /* APIResponseSpec.swift */; };
		DF74D1872005EE060072F671 /* ResultSpec.swift in Sources */ = {isa = PBXBuildFile; fileRef = DF74D1862005EE060072F671 /* ResultSpec.swift */; };
		DF74D1892005EE230072F671 /* GeometrySpec.swift in Sources */ = {isa = PBXBuildFile; fileRef = DF74D1882005EE230072F671 /* GeometrySpec.swift */; };
		DF74D18B2005EE320072F671 /* OpeningHourSpec.swift in Sources */ = {isa = PBXBuildFile; fileRef = DF74D18A2005EE320072F671 /* OpeningHourSpec.swift */; };
		DF74D18D2005EE5D0072F671 /* PhotoSpec.swift in Sources */ = {isa = PBXBuildFile; fileRef = DF74D18C2005EE5D0072F671 /* PhotoSpec.swift */; };
		DF74D18F2005F2C10072F671 /* APIResponse.json in Resources */ = {isa = PBXBuildFile; fileRef = DF74D18E2005F2C10072F671 /* APIResponse.json */; };
		DF74D1912005F5180072F671 /* Result.json in Resources */ = {isa = PBXBuildFile; fileRef = DF74D1902005F5180072F671 /* Result.json */; };
		DF74D1932005F7A90072F671 /* Geometry.json in Resources */ = {isa = PBXBuildFile; fileRef = DF74D1922005F7A90072F671 /* Geometry.json */; };
		DF74D1952005F8580072F671 /* OpeningHour.json in Resources */ = {isa = PBXBuildFile; fileRef = DF74D1942005F8580072F671 /* OpeningHour.json */; };
		DF74D1972005F8B40072F671 /* Photo.json in Resources */ = {isa = PBXBuildFile; fileRef = DF74D1962005F8B40072F671 /* Photo.json */; };
		DF74D1992005F8BF0072F671 /* Location.json in Resources */ = {isa = PBXBuildFile; fileRef = DF74D1982005F8BF0072F671 /* Location.json */; };
		DF74D19B2005F8CB0072F671 /* Viewport.json in Resources */ = {isa = PBXBuildFile; fileRef = DF74D19A2005F8CB0072F671 /* Viewport.json */; };
		DFC3F10E200396C300BE1061 /* Main.storyboard in Resources */ = {isa = PBXBuildFile; fileRef = DFC3F10C200396C300BE1061 /* Main.storyboard */; };
		DFC3F110200396C300BE1061 /* Assets.xcassets in Resources */ = {isa = PBXBuildFile; fileRef = DFC3F10F200396C300BE1061 /* Assets.xcassets */; };
		DFC3F113200396C300BE1061 /* LaunchScreen.storyboard in Resources */ = {isa = PBXBuildFile; fileRef = DFC3F111200396C300BE1061 /* LaunchScreen.storyboard */; };
		DFC3F12E200398E600BE1061 /* AppDelegate.swift in Sources */ = {isa = PBXBuildFile; fileRef = DFC3F12D200398E600BE1061 /* AppDelegate.swift */; };
		DFC3F130200399D300BE1061 /* MapController.swift in Sources */ = {isa = PBXBuildFile; fileRef = DFC3F12F200399D300BE1061 /* MapController.swift */; };
/* End PBXBuildFile section */

/* Begin PBXContainerItemProxy section */
		DFC3F11A200396C400BE1061 /* PBXContainerItemProxy */ = {
			isa = PBXContainerItemProxy;
			containerPortal = DFC3F0FD200396C300BE1061 /* Project object */;
			proxyType = 1;
			remoteGlobalIDString = DFC3F104200396C300BE1061;
			remoteInfo = TouristHelper;
		};
/* End PBXContainerItemProxy section */

/* Begin PBXFileReference section */
		7C468ACBF293540C7B7D9214 /* Pods-TouristHelper.release.xcconfig */ = {isa = PBXFileReference; includeInIndex = 1; lastKnownFileType = text.xcconfig; name = "Pods-TouristHelper.release.xcconfig"; path = "Pods/Target Support Files/Pods-TouristHelper/Pods-TouristHelper.release.xcconfig"; sourceTree = "<group>"; };
		7F0F88C6AF1FC499947C4FBF /* Pods_TouristHelper.framework */ = {isa = PBXFileReference; explicitFileType = wrapper.framework; includeInIndex = 0; path = Pods_TouristHelper.framework; sourceTree = BUILT_PRODUCTS_DIR; };
		7F13289D9EB9FE37E8BF57AE /* Pods_TouristHelperTests.framework */ = {isa = PBXFileReference; explicitFileType = wrapper.framework; includeInIndex = 0; path = Pods_TouristHelperTests.framework; sourceTree = BUILT_PRODUCTS_DIR; };
		9587B1CD66C6E52931C6125A /* Pods-TouristHelperTests.debug.xcconfig */ = {isa = PBXFileReference; includeInIndex = 1; lastKnownFileType = text.xcconfig; name = "Pods-TouristHelperTests.debug.xcconfig"; path = "Pods/Target Support Files/Pods-TouristHelperTests/Pods-TouristHelperTests.debug.xcconfig"; sourceTree = "<group>"; };
		B15AEA90545F0180000D5CEC /* Pods-TouristHelper.debug.xcconfig */ = {isa = PBXFileReference; includeInIndex = 1; lastKnownFileType = text.xcconfig; name = "Pods-TouristHelper.debug.xcconfig"; path = "Pods/Target Support Files/Pods-TouristHelper/Pods-TouristHelper.debug.xcconfig"; sourceTree = "<group>"; };
		D03A0EF85D4240D34AD6F42E /* Pods-TouristHelperTests.release.xcconfig */ = {isa = PBXFileReference; includeInIndex = 1; lastKnownFileType = text.xcconfig; name = "Pods-TouristHelperTests.release.xcconfig"; path = "Pods/Target Support Files/Pods-TouristHelperTests/Pods-TouristHelperTests.release.xcconfig"; sourceTree = "<group>"; };
		DF74D16D2004FD240072F671 /* APIResponse.swift */ = {isa = PBXFileReference; lastKnownFileType = sourcecode.swift; path = APIResponse.swift; sourceTree = "<group>"; };
		DF74D16F2004FE940072F671 /* Result.swift */ = {isa = PBXFileReference; lastKnownFileType = sourcecode.swift; path = Result.swift; sourceTree = "<group>"; };
		DF74D1712004FEE30072F671 /* Geometry.swift */ = {isa = PBXFileReference; lastKnownFileType = sourcecode.swift; path = Geometry.swift; sourceTree = "<group>"; };
		DF74D1732004FF2D0072F671 /* OpeningHour.swift */ = {isa = PBXFileReference; lastKnownFileType = sourcecode.swift; path = OpeningHour.swift; sourceTree = "<group>"; };
		DF74D1752004FF6F0072F671 /* Photo.swift */ = {isa = PBXFileReference; lastKnownFileType = sourcecode.swift; path = Photo.swift; sourceTree = "<group>"; };
		DF74D1772004FFC50072F671 /* Location.swift */ = {isa = PBXFileReference; lastKnownFileType = sourcecode.swift; path = Location.swift; sourceTree = "<group>"; };
		DF74D179200500090072F671 /* Viewport.swift */ = {isa = PBXFileReference; lastKnownFileType = sourcecode.swift; path = Viewport.swift; sourceTree = "<group>"; };
		DF74D17E20052CFA0072F671 /* MockLoader.swift */ = {isa = PBXFileReference; lastKnownFileType = sourcecode.swift; path = MockLoader.swift; sourceTree = "<group>"; };
		DF74D1802005EDDA0072F671 /* ViewportSpec.swift */ = {isa = PBXFileReference; lastKnownFileType = sourcecode.swift; path = ViewportSpec.swift; sourceTree = "<group>"; };
		DF74D1822005EDE60072F671 /* LocationSpec.swift */ = {isa = PBXFileReference; lastKnownFileType = sourcecode.swift; path = LocationSpec.swift; sourceTree = "<group>"; };
		DF74D1842005EDFC0072F671 /* APIResponseSpec.swift */ = {isa = PBXFileReference; lastKnownFileType = sourcecode.swift; path = APIResponseSpec.swift; sourceTree = "<group>"; };
		DF74D1862005EE060072F671 /* ResultSpec.swift */ = {isa = PBXFileReference; lastKnownFileType = sourcecode.swift; path = ResultSpec.swift; sourceTree = "<group>"; };
		DF74D1882005EE230072F671 /* GeometrySpec.swift */ = {isa = PBXFileReference; lastKnownFileType = sourcecode.swift; path = GeometrySpec.swift; sourceTree = "<group>"; };
		DF74D18A2005EE320072F671 /* OpeningHourSpec.swift */ = {isa = PBXFileReference; lastKnownFileType = sourcecode.swift; path = OpeningHourSpec.swift; sourceTree = "<group>"; };
		DF74D18C2005EE5D0072F671 /* PhotoSpec.swift */ = {isa = PBXFileReference; lastKnownFileType = sourcecode.swift; path = PhotoSpec.swift; sourceTree = "<group>"; };
		DF74D18E2005F2C10072F671 /* APIResponse.json */ = {isa = PBXFileReference; lastKnownFileType = text.json; path = APIResponse.json; sourceTree = "<group>"; };
		DF74D1902005F5180072F671 /* Result.json */ = {isa = PBXFileReference; lastKnownFileType = text.json; path = Result.json; sourceTree = "<group>"; };
		DF74D1922005F7A90072F671 /* Geometry.json */ = {isa = PBXFileReference; lastKnownFileType = text.json; path = Geometry.json; sourceTree = "<group>"; };
		DF74D1942005F8580072F671 /* OpeningHour.json */ = {isa = PBXFileReference; lastKnownFileType = text.json; path = OpeningHour.json; sourceTree = "<group>"; };
		DF74D1962005F8B40072F671 /* Photo.json */ = {isa = PBXFileReference; lastKnownFileType = text.json; path = Photo.json; sourceTree = "<group>"; };
		DF74D1982005F8BF0072F671 /* Location.json */ = {isa = PBXFileReference; lastKnownFileType = text.json; path = Location.json; sourceTree = "<group>"; };
		DF74D19A2005F8CB0072F671 /* Viewport.json */ = {isa = PBXFileReference; lastKnownFileType = text.json; path = Viewport.json; sourceTree = "<group>"; };
		DFC3F105200396C300BE1061 /* TouristHelper.app */ = {isa = PBXFileReference; explicitFileType = wrapper.application; includeInIndex = 0; path = TouristHelper.app; sourceTree = BUILT_PRODUCTS_DIR; };
		DFC3F10D200396C300BE1061 /* Base */ = {isa = PBXFileReference; lastKnownFileType = file.storyboard; name = Base; path = Base.lproj/Main.storyboard; sourceTree = "<group>"; };
		DFC3F10F200396C300BE1061 /* Assets.xcassets */ = {isa = PBXFileReference; lastKnownFileType = folder.assetcatalog; path = Assets.xcassets; sourceTree = "<group>"; };
		DFC3F112200396C300BE1061 /* Base */ = {isa = PBXFileReference; lastKnownFileType = file.storyboard; name = Base; path = Base.lproj/LaunchScreen.storyboard; sourceTree = "<group>"; };
		DFC3F114200396C300BE1061 /* Info.plist */ = {isa = PBXFileReference; lastKnownFileType = text.plist.xml; path = Info.plist; sourceTree = "<group>"; };
		DFC3F119200396C400BE1061 /* TouristHelperTests.xctest */ = {isa = PBXFileReference; explicitFileType = wrapper.cfbundle; includeInIndex = 0; path = TouristHelperTests.xctest; sourceTree = BUILT_PRODUCTS_DIR; };
		DFC3F11F200396C400BE1061 /* Info.plist */ = {isa = PBXFileReference; lastKnownFileType = text.plist.xml; path = Info.plist; sourceTree = "<group>"; };
		DFC3F12D200398E600BE1061 /* AppDelegate.swift */ = {isa = PBXFileReference; fileEncoding = 4; lastKnownFileType = sourcecode.swift; path = AppDelegate.swift; sourceTree = "<group>"; };
		DFC3F12F200399D300BE1061 /* MapController.swift */ = {isa = PBXFileReference; lastKnownFileType = sourcecode.swift; path = MapController.swift; sourceTree = "<group>"; };
/* End PBXFileReference section */

/* Begin PBXFrameworksBuildPhase section */
		DFC3F102200396C300BE1061 /* Frameworks */ = {
			isa = PBXFrameworksBuildPhase;
			buildActionMask = 2147483647;
			files = (
				C01AEA6291D0E738314DA1F5 /* Pods_TouristHelper.framework in Frameworks */,
			);
			runOnlyForDeploymentPostprocessing = 0;
		};
		DFC3F116200396C400BE1061 /* Frameworks */ = {
			isa = PBXFrameworksBuildPhase;
			buildActionMask = 2147483647;
			files = (
				33A5ACA008F47B050DA42823 /* Pods_TouristHelperTests.framework in Frameworks */,
			);
			runOnlyForDeploymentPostprocessing = 0;
		};
/* End PBXFrameworksBuildPhase section */

/* Begin PBXGroup section */
		1EA08149D5301BEF0BD4E77D /* Pods */ = {
			isa = PBXGroup;
			children = (
				B15AEA90545F0180000D5CEC /* Pods-TouristHelper.debug.xcconfig */,
				7C468ACBF293540C7B7D9214 /* Pods-TouristHelper.release.xcconfig */,
				9587B1CD66C6E52931C6125A /* Pods-TouristHelperTests.debug.xcconfig */,
				D03A0EF85D4240D34AD6F42E /* Pods-TouristHelperTests.release.xcconfig */,
			);
			name = Pods;
			sourceTree = "<group>";
		};
		319A8FD8B3F5F819240E2D55 /* Frameworks */ = {
			isa = PBXGroup;
			children = (
				7F0F88C6AF1FC499947C4FBF /* Pods_TouristHelper.framework */,
				7F13289D9EB9FE37E8BF57AE /* Pods_TouristHelperTests.framework */,
			);
			name = Frameworks;
			sourceTree = "<group>";
		};
		DF74D17B200529380072F671 /* Mocks */ = {
			isa = PBXGroup;
			children = (
				DF74D18E2005F2C10072F671 /* APIResponse.json */,
				DF74D1902005F5180072F671 /* Result.json */,
				DF74D1922005F7A90072F671 /* Geometry.json */,
				DF74D1942005F8580072F671 /* OpeningHour.json */,
				DF74D1962005F8B40072F671 /* Photo.json */,
				DF74D1982005F8BF0072F671 /* Location.json */,
				DF74D19A2005F8CB0072F671 /* Viewport.json */,
			);
			path = Mocks;
			sourceTree = "<group>";
		};
		DF74D17C200529460072F671 /* TestHelpers */ = {
			isa = PBXGroup;
			children = (
				DF74D17E20052CFA0072F671 /* MockLoader.swift */,
			);
			path = TestHelpers;
			sourceTree = "<group>";
		};
		DF74D17D200529570072F671 /* Models */ = {
			isa = PBXGroup;
			children = (
				DF74D1842005EDFC0072F671 /* APIResponseSpec.swift */,
				DF74D1862005EE060072F671 /* ResultSpec.swift */,
				DF74D1882005EE230072F671 /* GeometrySpec.swift */,
				DF74D18A2005EE320072F671 /* OpeningHourSpec.swift */,
				DF74D18C2005EE5D0072F671 /* PhotoSpec.swift */,
				DF74D1822005EDE60072F671 /* LocationSpec.swift */,
				DF74D1802005EDDA0072F671 /* ViewportSpec.swift */,
			);
			path = Models;
			sourceTree = "<group>";
		};
		DFC3F0FC200396C300BE1061 = {
			isa = PBXGroup;
			children = (
				DFC3F107200396C300BE1061 /* TouristHelper */,
				DFC3F11C200396C400BE1061 /* TouristHelperTests */,
				DFC3F106200396C300BE1061 /* Products */,
				1EA08149D5301BEF0BD4E77D /* Pods */,
				319A8FD8B3F5F819240E2D55 /* Frameworks */,
			);
			indentWidth = 2;
			sourceTree = "<group>";
			tabWidth = 2;
		};
		DFC3F106200396C300BE1061 /* Products */ = {
			isa = PBXGroup;
			children = (
				DFC3F105200396C300BE1061 /* TouristHelper.app */,
				DFC3F119200396C400BE1061 /* TouristHelperTests.xctest */,
			);
			name = Products;
			sourceTree = "<group>";
		};
		DFC3F107200396C300BE1061 /* TouristHelper */ = {
			isa = PBXGroup;
			children = (
				DFC3F1282003978800BE1061 /* AppDelegate */,
				DFC3F129200397A400BE1061 /* Controllers */,
				DFC3F12B200397F500BE1061 /* Networking */,
				DFC3F12C2003980100BE1061 /* Models */,
				DFC3F12A200397EE00BE1061 /* Resources */,
			);
			path = TouristHelper;
			sourceTree = "<group>";
		};
		DFC3F11C200396C400BE1061 /* TouristHelperTests */ = {
			isa = PBXGroup;
			children = (
				DF74D17D200529570072F671 /* Models */,
				DF74D17C200529460072F671 /* TestHelpers */,
				DF74D17B200529380072F671 /* Mocks */,
				DFC3F11F200396C400BE1061 /* Info.plist */,
			);
			path = TouristHelperTests;
			sourceTree = "<group>";
		};
		DFC3F1282003978800BE1061 /* AppDelegate */ = {
			isa = PBXGroup;
			children = (
				DFC3F12D200398E600BE1061 /* AppDelegate.swift */,
			);
			path = AppDelegate;
			sourceTree = "<group>";
		};
		DFC3F129200397A400BE1061 /* Controllers */ = {
			isa = PBXGroup;
			children = (
				DFC3F12F200399D300BE1061 /* MapController.swift */,
			);
			path = Controllers;
			sourceTree = "<group>";
		};
		DFC3F12A200397EE00BE1061 /* Resources */ = {
			isa = PBXGroup;
			children = (
				DFC3F10C200396C300BE1061 /* Main.storyboard */,
				DFC3F10F200396C300BE1061 /* Assets.xcassets */,
				DFC3F111200396C300BE1061 /* LaunchScreen.storyboard */,
				DFC3F114200396C300BE1061 /* Info.plist */,
			);
			path = Resources;
			sourceTree = "<group>";
		};
		DFC3F12B200397F500BE1061 /* Networking */ = {
			isa = PBXGroup;
			children = (
			);
			path = Networking;
			sourceTree = "<group>";
		};
		DFC3F12C2003980100BE1061 /* Models */ = {
			isa = PBXGroup;
			children = (
				DF74D16D2004FD240072F671 /* APIResponse.swift */,
				DF74D16F2004FE940072F671 /* Result.swift */,
				DF74D1712004FEE30072F671 /* Geometry.swift */,
				DF74D1732004FF2D0072F671 /* OpeningHour.swift */,
				DF74D1752004FF6F0072F671 /* Photo.swift */,
				DF74D1772004FFC50072F671 /* Location.swift */,
				DF74D179200500090072F671 /* Viewport.swift */,
			);
			path = Models;
			sourceTree = "<group>";
		};
/* End PBXGroup section */

/* Begin PBXNativeTarget section */
		DFC3F104200396C300BE1061 /* TouristHelper */ = {
			isa = PBXNativeTarget;
			buildConfigurationList = DFC3F122200396C400BE1061 /* Build configuration list for PBXNativeTarget "TouristHelper" */;
			buildPhases = (
				B3BED15D7499B288E773ACEF /* [CP] Check Pods Manifest.lock */,
				DFC3F101200396C300BE1061 /* Sources */,
				DFC3F102200396C300BE1061 /* Frameworks */,
				DFC3F103200396C300BE1061 /* Resources */,
				E2D52C0C71DA5DB7AC6623C0 /* [CP] Embed Pods Frameworks */,
				E793C23A6770A9C42BD4E17F /* [CP] Copy Pods Resources */,
			);
			buildRules = (
			);
			dependencies = (
			);
			name = TouristHelper;
			productName = TouristHelper;
			productReference = DFC3F105200396C300BE1061 /* TouristHelper.app */;
			productType = "com.apple.product-type.application";
		};
		DFC3F118200396C400BE1061 /* TouristHelperTests */ = {
			isa = PBXNativeTarget;
			buildConfigurationList = DFC3F125200396C400BE1061 /* Build configuration list for PBXNativeTarget "TouristHelperTests" */;
			buildPhases = (
				7F645363A0036D46F985F86F /* [CP] Check Pods Manifest.lock */,
				DFC3F115200396C400BE1061 /* Sources */,
				DFC3F116200396C400BE1061 /* Frameworks */,
				DFC3F117200396C400BE1061 /* Resources */,
				5EC6510A5D5A8B64E5C6CF0A /* [CP] Embed Pods Frameworks */,
				73A288705C08AD859C9EE5C0 /* [CP] Copy Pods Resources */,
			);
			buildRules = (
			);
			dependencies = (
				DFC3F11B200396C400BE1061 /* PBXTargetDependency */,
			);
			name = TouristHelperTests;
			productName = TouristHelperTests;
			productReference = DFC3F119200396C400BE1061 /* TouristHelperTests.xctest */;
			productType = "com.apple.product-type.bundle.unit-test";
		};
/* End PBXNativeTarget section */

/* Begin PBXProject section */
		DFC3F0FD200396C300BE1061 /* Project object */ = {
			isa = PBXProject;
			attributes = {
				LastSwiftUpdateCheck = 0920;
				LastUpgradeCheck = 0920;
				ORGANIZATIONNAME = "Naeem Shaikh";
				TargetAttributes = {
					DFC3F104200396C300BE1061 = {
						CreatedOnToolsVersion = 9.2;
						LastSwiftMigration = 0920;
						ProvisioningStyle = Automatic;
					};
					DFC3F118200396C400BE1061 = {
						CreatedOnToolsVersion = 9.2;
						LastSwiftMigration = 0920;
						ProvisioningStyle = Automatic;
						TestTargetID = DFC3F104200396C300BE1061;
					};
				};
			};
			buildConfigurationList = DFC3F100200396C300BE1061 /* Build configuration list for PBXProject "TouristHelper" */;
			compatibilityVersion = "Xcode 8.0";
			developmentRegion = en;
			hasScannedForEncodings = 0;
			knownRegions = (
				en,
				Base,
			);
			mainGroup = DFC3F0FC200396C300BE1061;
			productRefGroup = DFC3F106200396C300BE1061 /* Products */;
			projectDirPath = "";
			projectRoot = "";
			targets = (
				DFC3F104200396C300BE1061 /* TouristHelper */,
				DFC3F118200396C400BE1061 /* TouristHelperTests */,
			);
		};
/* End PBXProject section */

/* Begin PBXResourcesBuildPhase section */
		DFC3F103200396C300BE1061 /* Resources */ = {
			isa = PBXResourcesBuildPhase;
			buildActionMask = 2147483647;
			files = (
				DFC3F113200396C300BE1061 /* LaunchScreen.storyboard in Resources */,
				DFC3F110200396C300BE1061 /* Assets.xcassets in Resources */,
				DFC3F10E200396C300BE1061 /* Main.storyboard in Resources */,
			);
			runOnlyForDeploymentPostprocessing = 0;
		};
		DFC3F117200396C400BE1061 /* Resources */ = {
			isa = PBXResourcesBuildPhase;
			buildActionMask = 2147483647;
			files = (
				DF74D1912005F5180072F671 /* Result.json in Resources */,
				DF74D1952005F8580072F671 /* OpeningHour.json in Resources */,
				DF74D1992005F8BF0072F671 /* Location.json in Resources */,
				DF74D18F2005F2C10072F671 /* APIResponse.json in Resources */,
				DF74D1932005F7A90072F671 /* Geometry.json in Resources */,
				DF74D1972005F8B40072F671 /* Photo.json in Resources */,
				DF74D19B2005F8CB0072F671 /* Viewport.json in Resources */,
			);
			runOnlyForDeploymentPostprocessing = 0;
		};
/* End PBXResourcesBuildPhase section */

/* Begin PBXShellScriptBuildPhase section */
		5EC6510A5D5A8B64E5C6CF0A /* [CP] Embed Pods Frameworks */ = {
			isa = PBXShellScriptBuildPhase;
			buildActionMask = 2147483647;
			files = (
			);
			inputPaths = (
				"${SRCROOT}/Pods/Target Support Files/Pods-TouristHelperTests/Pods-TouristHelperTests-frameworks.sh",
				"${BUILT_PRODUCTS_DIR}/ObjectMapper/ObjectMapper.framework",
				"${BUILT_PRODUCTS_DIR}/Nimble/Nimble.framework",
				"${BUILT_PRODUCTS_DIR}/Quick/Quick.framework",
			);
			name = "[CP] Embed Pods Frameworks";
			outputPaths = (
				"${TARGET_BUILD_DIR}/${FRAMEWORKS_FOLDER_PATH}/ObjectMapper.framework",
				"${TARGET_BUILD_DIR}/${FRAMEWORKS_FOLDER_PATH}/Nimble.framework",
				"${TARGET_BUILD_DIR}/${FRAMEWORKS_FOLDER_PATH}/Quick.framework",
			);
			runOnlyForDeploymentPostprocessing = 0;
			shellPath = /bin/sh;
			shellScript = "\"${SRCROOT}/Pods/Target Support Files/Pods-TouristHelperTests/Pods-TouristHelperTests-frameworks.sh\"\n";
			showEnvVarsInLog = 0;
		};
		73A288705C08AD859C9EE5C0 /* [CP] Copy Pods Resources */ = {
			isa = PBXShellScriptBuildPhase;
			buildActionMask = 2147483647;
			files = (
			);
			inputPaths = (
			);
			name = "[CP] Copy Pods Resources";
			outputPaths = (
			);
			runOnlyForDeploymentPostprocessing = 0;
			shellPath = /bin/sh;
			shellScript = "\"${SRCROOT}/Pods/Target Support Files/Pods-TouristHelperTests/Pods-TouristHelperTests-resources.sh\"\n";
			showEnvVarsInLog = 0;
		};
		7F645363A0036D46F985F86F /* [CP] Check Pods Manifest.lock */ = {
			isa = PBXShellScriptBuildPhase;
			buildActionMask = 2147483647;
			files = (
			);
			inputPaths = (
				"${PODS_PODFILE_DIR_PATH}/Podfile.lock",
				"${PODS_ROOT}/Manifest.lock",
			);
			name = "[CP] Check Pods Manifest.lock";
			outputPaths = (
				"$(DERIVED_FILE_DIR)/Pods-TouristHelperTests-checkManifestLockResult.txt",
			);
			runOnlyForDeploymentPostprocessing = 0;
			shellPath = /bin/sh;
			shellScript = "diff \"${PODS_PODFILE_DIR_PATH}/Podfile.lock\" \"${PODS_ROOT}/Manifest.lock\" > /dev/null\nif [ $? != 0 ] ; then\n    # print error to STDERR\n    echo \"error: The sandbox is not in sync with the Podfile.lock. Run 'pod install' or update your CocoaPods installation.\" >&2\n    exit 1\nfi\n# This output is used by Xcode 'outputs' to avoid re-running this script phase.\necho \"SUCCESS\" > \"${SCRIPT_OUTPUT_FILE_0}\"\n";
			showEnvVarsInLog = 0;
		};
		B3BED15D7499B288E773ACEF /* [CP] Check Pods Manifest.lock */ = {
			isa = PBXShellScriptBuildPhase;
			buildActionMask = 2147483647;
			files = (
			);
			inputPaths = (
				"${PODS_PODFILE_DIR_PATH}/Podfile.lock",
				"${PODS_ROOT}/Manifest.lock",
			);
			name = "[CP] Check Pods Manifest.lock";
			outputPaths = (
				"$(DERIVED_FILE_DIR)/Pods-TouristHelper-checkManifestLockResult.txt",
			);
			runOnlyForDeploymentPostprocessing = 0;
			shellPath = /bin/sh;
			shellScript = "diff \"${PODS_PODFILE_DIR_PATH}/Podfile.lock\" \"${PODS_ROOT}/Manifest.lock\" > /dev/null\nif [ $? != 0 ] ; then\n    # print error to STDERR\n    echo \"error: The sandbox is not in sync with the Podfile.lock. Run 'pod install' or update your CocoaPods installation.\" >&2\n    exit 1\nfi\n# This output is used by Xcode 'outputs' to avoid re-running this script phase.\necho \"SUCCESS\" > \"${SCRIPT_OUTPUT_FILE_0}\"\n";
			showEnvVarsInLog = 0;
		};
		E2D52C0C71DA5DB7AC6623C0 /* [CP] Embed Pods Frameworks */ = {
			isa = PBXShellScriptBuildPhase;
			buildActionMask = 2147483647;
			files = (
			);
			inputPaths = (
				"${SRCROOT}/Pods/Target Support Files/Pods-TouristHelper/Pods-TouristHelper-frameworks.sh",
				"${BUILT_PRODUCTS_DIR}/Alamofire/Alamofire.framework",
				"${BUILT_PRODUCTS_DIR}/ObjectMapper/ObjectMapper.framework",
			);
			name = "[CP] Embed Pods Frameworks";
			outputPaths = (
				"${TARGET_BUILD_DIR}/${FRAMEWORKS_FOLDER_PATH}/Alamofire.framework",
				"${TARGET_BUILD_DIR}/${FRAMEWORKS_FOLDER_PATH}/ObjectMapper.framework",
			);
			runOnlyForDeploymentPostprocessing = 0;
			shellPath = /bin/sh;
			shellScript = "\"${SRCROOT}/Pods/Target Support Files/Pods-TouristHelper/Pods-TouristHelper-frameworks.sh\"\n";
			showEnvVarsInLog = 0;
		};
		E793C23A6770A9C42BD4E17F /* [CP] Copy Pods Resources */ = {
			isa = PBXShellScriptBuildPhase;
			buildActionMask = 2147483647;
			files = (
			);
			inputPaths = (
				"${SRCROOT}/Pods/Target Support Files/Pods-TouristHelper/Pods-TouristHelper-resources.sh",
				"${PODS_ROOT}/GoogleMaps/Maps/Frameworks/GoogleMaps.framework/Resources/GoogleMaps.bundle",
			);
			name = "[CP] Copy Pods Resources";
			outputPaths = (
				"${TARGET_BUILD_DIR}/${UNLOCALIZED_RESOURCES_FOLDER_PATH}",
			);
			runOnlyForDeploymentPostprocessing = 0;
			shellPath = /bin/sh;
			shellScript = "\"${SRCROOT}/Pods/Target Support Files/Pods-TouristHelper/Pods-TouristHelper-resources.sh\"\n";
			showEnvVarsInLog = 0;
		};
/* End PBXShellScriptBuildPhase section */

/* Begin PBXSourcesBuildPhase section */
		DFC3F101200396C300BE1061 /* Sources */ = {
			isa = PBXSourcesBuildPhase;
			buildActionMask = 2147483647;
			files = (
				DF74D1762004FF6F0072F671 /* Photo.swift in Sources */,
				DFC3F130200399D300BE1061 /* MapController.swift in Sources */,
				DF74D1782004FFC50072F671 /* Location.swift in Sources */,
				DFC3F12E200398E600BE1061 /* AppDelegate.swift in Sources */,
				DF74D1742004FF2D0072F671 /* OpeningHour.swift in Sources */,
				DF74D1702004FE940072F671 /* Result.swift in Sources */,
				DF74D17A200500090072F671 /* Viewport.swift in Sources */,
				DF74D16E2004FD240072F671 /* APIResponse.swift in Sources */,
				DF74D1722004FEE30072F671 /* Geometry.swift in Sources */,
			);
			runOnlyForDeploymentPostprocessing = 0;
		};
		DFC3F115200396C400BE1061 /* Sources */ = {
			isa = PBXSourcesBuildPhase;
			buildActionMask = 2147483647;
			files = (
				DF74D18B2005EE320072F671 /* OpeningHourSpec.swift in Sources */,
				DF74D1852005EDFC0072F671 /* APIResponseSpec.swift in Sources */,
				DF74D1872005EE060072F671 /* ResultSpec.swift in Sources */,
				DF74D1892005EE230072F671 /* GeometrySpec.swift in Sources */,
				DF74D1812005EDDA0072F671 /* ViewportSpec.swift in Sources */,
				DF74D1832005EDE60072F671 /* LocationSpec.swift in Sources */,
				DF74D17F20052CFA0072F671 /* MockLoader.swift in Sources */,
				DF74D18D2005EE5D0072F671 /* PhotoSpec.swift in Sources */,
			);
			runOnlyForDeploymentPostprocessing = 0;
		};
/* End PBXSourcesBuildPhase section */

/* Begin PBXTargetDependency section */
		DFC3F11B200396C400BE1061 /* PBXTargetDependency */ = {
			isa = PBXTargetDependency;
			target = DFC3F104200396C300BE1061 /* TouristHelper */;
			targetProxy = DFC3F11A200396C400BE1061 /* PBXContainerItemProxy */;
		};
/* End PBXTargetDependency section */

/* Begin PBXVariantGroup section */
		DFC3F10C200396C300BE1061 /* Main.storyboard */ = {
			isa = PBXVariantGroup;
			children = (
				DFC3F10D200396C300BE1061 /* Base */,
			);
			name = Main.storyboard;
			sourceTree = "<group>";
		};
		DFC3F111200396C300BE1061 /* LaunchScreen.storyboard */ = {
			isa = PBXVariantGroup;
			children = (
				DFC3F112200396C300BE1061 /* Base */,
			);
			name = LaunchScreen.storyboard;
			sourceTree = "<group>";
		};
/* End PBXVariantGroup section */

/* Begin XCBuildConfiguration section */
		DFC3F120200396C400BE1061 /* Debug */ = {
			isa = XCBuildConfiguration;
			buildSettings = {
				ALWAYS_SEARCH_USER_PATHS = NO;
				CLANG_ANALYZER_NONNULL = YES;
				CLANG_ANALYZER_NUMBER_OBJECT_CONVERSION = YES_AGGRESSIVE;
				CLANG_CXX_LANGUAGE_STANDARD = "gnu++14";
				CLANG_CXX_LIBRARY = "libc++";
				CLANG_ENABLE_MODULES = YES;
				CLANG_ENABLE_OBJC_ARC = YES;
				CLANG_WARN_BLOCK_CAPTURE_AUTORELEASING = YES;
				CLANG_WARN_BOOL_CONVERSION = YES;
				CLANG_WARN_COMMA = YES;
				CLANG_WARN_CONSTANT_CONVERSION = YES;
				CLANG_WARN_DIRECT_OBJC_ISA_USAGE = YES_ERROR;
				CLANG_WARN_DOCUMENTATION_COMMENTS = YES;
				CLANG_WARN_EMPTY_BODY = YES;
				CLANG_WARN_ENUM_CONVERSION = YES;
				CLANG_WARN_INFINITE_RECURSION = YES;
				CLANG_WARN_INT_CONVERSION = YES;
				CLANG_WARN_NON_LITERAL_NULL_CONVERSION = YES;
				CLANG_WARN_OBJC_LITERAL_CONVERSION = YES;
				CLANG_WARN_OBJC_ROOT_CLASS = YES_ERROR;
				CLANG_WARN_RANGE_LOOP_ANALYSIS = YES;
				CLANG_WARN_STRICT_PROTOTYPES = YES;
				CLANG_WARN_SUSPICIOUS_MOVE = YES;
				CLANG_WARN_UNGUARDED_AVAILABILITY = YES_AGGRESSIVE;
				CLANG_WARN_UNREACHABLE_CODE = YES;
				CLANG_WARN__DUPLICATE_METHOD_MATCH = YES;
				CODE_SIGN_IDENTITY = "iPhone Developer";
				COPY_PHASE_STRIP = NO;
				DEBUG_INFORMATION_FORMAT = dwarf;
				ENABLE_STRICT_OBJC_MSGSEND = YES;
				ENABLE_TESTABILITY = YES;
				GCC_C_LANGUAGE_STANDARD = gnu11;
				GCC_DYNAMIC_NO_PIC = NO;
				GCC_NO_COMMON_BLOCKS = YES;
				GCC_OPTIMIZATION_LEVEL = 0;
				GCC_PREPROCESSOR_DEFINITIONS = (
					"DEBUG=1",
					"$(inherited)",
				);
				GCC_WARN_64_TO_32_BIT_CONVERSION = YES;
				GCC_WARN_ABOUT_RETURN_TYPE = YES_ERROR;
				GCC_WARN_UNDECLARED_SELECTOR = YES;
				GCC_WARN_UNINITIALIZED_AUTOS = YES_AGGRESSIVE;
				GCC_WARN_UNUSED_FUNCTION = YES;
				GCC_WARN_UNUSED_VARIABLE = YES;
				IPHONEOS_DEPLOYMENT_TARGET = 10.0;
				MTL_ENABLE_DEBUG_INFO = YES;
				ONLY_ACTIVE_ARCH = YES;
				SDKROOT = iphoneos;
				SWIFT_ACTIVE_COMPILATION_CONDITIONS = DEBUG;
				SWIFT_OPTIMIZATION_LEVEL = "-Onone";
			};
			name = Debug;
		};
		DFC3F121200396C400BE1061 /* Release */ = {
			isa = XCBuildConfiguration;
			buildSettings = {
				ALWAYS_SEARCH_USER_PATHS = NO;
				CLANG_ANALYZER_NONNULL = YES;
				CLANG_ANALYZER_NUMBER_OBJECT_CONVERSION = YES_AGGRESSIVE;
				CLANG_CXX_LANGUAGE_STANDARD = "gnu++14";
				CLANG_CXX_LIBRARY = "libc++";
				CLANG_ENABLE_MODULES = YES;
				CLANG_ENABLE_OBJC_ARC = YES;
				CLANG_WARN_BLOCK_CAPTURE_AUTORELEASING = YES;
				CLANG_WARN_BOOL_CONVERSION = YES;
				CLANG_WARN_COMMA = YES;
				CLANG_WARN_CONSTANT_CONVERSION = YES;
				CLANG_WARN_DIRECT_OBJC_ISA_USAGE = YES_ERROR;
				CLANG_WARN_DOCUMENTATION_COMMENTS = YES;
				CLANG_WARN_EMPTY_BODY = YES;
				CLANG_WARN_ENUM_CONVERSION = YES;
				CLANG_WARN_INFINITE_RECURSION = YES;
				CLANG_WARN_INT_CONVERSION = YES;
				CLANG_WARN_NON_LITERAL_NULL_CONVERSION = YES;
				CLANG_WARN_OBJC_LITERAL_CONVERSION = YES;
				CLANG_WARN_OBJC_ROOT_CLASS = YES_ERROR;
				CLANG_WARN_RANGE_LOOP_ANALYSIS = YES;
				CLANG_WARN_STRICT_PROTOTYPES = YES;
				CLANG_WARN_SUSPICIOUS_MOVE = YES;
				CLANG_WARN_UNGUARDED_AVAILABILITY = YES_AGGRESSIVE;
				CLANG_WARN_UNREACHABLE_CODE = YES;
				CLANG_WARN__DUPLICATE_METHOD_MATCH = YES;
				CODE_SIGN_IDENTITY = "iPhone Developer";
				COPY_PHASE_STRIP = NO;
				DEBUG_INFORMATION_FORMAT = "dwarf-with-dsym";
				ENABLE_NS_ASSERTIONS = NO;
				ENABLE_STRICT_OBJC_MSGSEND = YES;
				GCC_C_LANGUAGE_STANDARD = gnu11;
				GCC_NO_COMMON_BLOCKS = YES;
				GCC_WARN_64_TO_32_BIT_CONVERSION = YES;
				GCC_WARN_ABOUT_RETURN_TYPE = YES_ERROR;
				GCC_WARN_UNDECLARED_SELECTOR = YES;
				GCC_WARN_UNINITIALIZED_AUTOS = YES_AGGRESSIVE;
				GCC_WARN_UNUSED_FUNCTION = YES;
				GCC_WARN_UNUSED_VARIABLE = YES;
				IPHONEOS_DEPLOYMENT_TARGET = 10.0;
				MTL_ENABLE_DEBUG_INFO = NO;
				SDKROOT = iphoneos;
				SWIFT_OPTIMIZATION_LEVEL = "-Owholemodule";
				VALIDATE_PRODUCT = YES;
			};
			name = Release;
		};
		DFC3F123200396C400BE1061 /* Debug */ = {
			isa = XCBuildConfiguration;
			baseConfigurationReference = B15AEA90545F0180000D5CEC /* Pods-TouristHelper.debug.xcconfig */;
			buildSettings = {
				ASSETCATALOG_COMPILER_APPICON_NAME = AppIcon;
				CLANG_ENABLE_MODULES = YES;
				CODE_SIGN_STYLE = Automatic;
				DEVELOPMENT_TEAM = HQX3323RTU;
				INFOPLIST_FILE = "$(SRCROOT)/TouristHelper/Resources/Info.plist";
				IPHONEOS_DEPLOYMENT_TARGET = 10.0;
				LD_RUNPATH_SEARCH_PATHS = "$(inherited) @executable_path/Frameworks";
				PRODUCT_BUNDLE_IDENTIFIER = com.naeemshaikh90.TouristHelper;
				PRODUCT_NAME = "$(TARGET_NAME)";
				SWIFT_OPTIMIZATION_LEVEL = "-Onone";
				SWIFT_VERSION = 4.0;
				TARGETED_DEVICE_FAMILY = 1;
			};
			name = Debug;
		};
		DFC3F124200396C400BE1061 /* Release */ = {
			isa = XCBuildConfiguration;
			baseConfigurationReference = 7C468ACBF293540C7B7D9214 /* Pods-TouristHelper.release.xcconfig */;
			buildSettings = {
				ASSETCATALOG_COMPILER_APPICON_NAME = AppIcon;
				CLANG_ENABLE_MODULES = YES;
				CODE_SIGN_STYLE = Automatic;
				DEVELOPMENT_TEAM = HQX3323RTU;
				INFOPLIST_FILE = "$(SRCROOT)/TouristHelper/Resources/Info.plist";
				IPHONEOS_DEPLOYMENT_TARGET = 10.0;
				LD_RUNPATH_SEARCH_PATHS = "$(inherited) @executable_path/Frameworks";
				PRODUCT_BUNDLE_IDENTIFIER = com.naeemshaikh90.TouristHelper;
				PRODUCT_NAME = "$(TARGET_NAME)";
				SWIFT_VERSION = 4.0;
				TARGETED_DEVICE_FAMILY = 1;
			};
			name = Release;
		};
		DFC3F126200396C400BE1061 /* Debug */ = {
			isa = XCBuildConfiguration;
			baseConfigurationReference = 9587B1CD66C6E52931C6125A /* Pods-TouristHelperTests.debug.xcconfig */;
			buildSettings = {
				ALWAYS_EMBED_SWIFT_STANDARD_LIBRARIES = YES;
				BUNDLE_LOADER = "$(TEST_HOST)";
				CLANG_ENABLE_MODULES = YES;
				CODE_SIGN_STYLE = Automatic;
				INFOPLIST_FILE = TouristHelperTests/Info.plist;
				LD_RUNPATH_SEARCH_PATHS = "$(inherited) @executable_path/Frameworks @loader_path/Frameworks";
				PRODUCT_BUNDLE_IDENTIFIER = com.naeemshaikh90.TouristHelperTests;
				PRODUCT_NAME = "$(TARGET_NAME)";
				SWIFT_OPTIMIZATION_LEVEL = "-Onone";
				SWIFT_VERSION = 4.0;
				TARGETED_DEVICE_FAMILY = "1,2";
				TEST_HOST = "$(BUILT_PRODUCTS_DIR)/TouristHelper.app/TouristHelper";
			};
			name = Debug;
		};
		DFC3F127200396C400BE1061 /* Release */ = {
			isa = XCBuildConfiguration;
			baseConfigurationReference = D03A0EF85D4240D34AD6F42E /* Pods-TouristHelperTests.release.xcconfig */;
			buildSettings = {
				ALWAYS_EMBED_SWIFT_STANDARD_LIBRARIES = YES;
				BUNDLE_LOADER = "$(TEST_HOST)";
				CLANG_ENABLE_MODULES = YES;
				CODE_SIGN_STYLE = Automatic;
				INFOPLIST_FILE = TouristHelperTests/Info.plist;
				LD_RUNPATH_SEARCH_PATHS = "$(inherited) @executable_path/Frameworks @loader_path/Frameworks";
				PRODUCT_BUNDLE_IDENTIFIER = com.naeemshaikh90.TouristHelperTests;
				PRODUCT_NAME = "$(TARGET_NAME)";
				SWIFT_VERSION = 4.0;
				TARGETED_DEVICE_FAMILY = "1,2";
				TEST_HOST = "$(BUILT_PRODUCTS_DIR)/TouristHelper.app/TouristHelper";
			};
			name = Release;
		};
/* End XCBuildConfiguration section */

/* Begin XCConfigurationList section */
		DFC3F100200396C300BE1061 /* Build configuration list for PBXProject "TouristHelper" */ = {
			isa = XCConfigurationList;
			buildConfigurations = (
				DFC3F120200396C400BE1061 /* Debug */,
				DFC3F121200396C400BE1061 /* Release */,
			);
			defaultConfigurationIsVisible = 0;
			defaultConfigurationName = Release;
		};
		DFC3F122200396C400BE1061 /* Build configuration list for PBXNativeTarget "TouristHelper" */ = {
			isa = XCConfigurationList;
			buildConfigurations = (
				DFC3F123200396C400BE1061 /* Debug */,
				DFC3F124200396C400BE1061 /* Release */,
			);
			defaultConfigurationIsVisible = 0;
			defaultConfigurationName = Release;
		};
		DFC3F125200396C400BE1061 /* Build configuration list for PBXNativeTarget "TouristHelperTests" */ = {
			isa = XCConfigurationList;
			buildConfigurations = (
				DFC3F126200396C400BE1061 /* Debug */,
				DFC3F127200396C400BE1061 /* Release */,
			);
			defaultConfigurationIsVisible = 0;
			defaultConfigurationName = Release;
		};
/* End XCConfigurationList section */
	};
	rootObject = DFC3F0FD200396C300BE1061 /* Project object */;
}
